// !$*UTF8*$!
{
	archiveVersion = 1;
	classes = {
	};
	objectVersion = 46;
	objects = {

/* Begin PBXBuildFile section */
		5DBCF9BE1BE7FD30001C45B4 /* AppDelegate.swift in Sources */ = {isa = PBXBuildFile; fileRef = 5DBCF9BD1BE7FD30001C45B4 /* AppDelegate.swift */; };
		5DBCF9C01BE7FD30001C45B4 /* ViewController.swift in Sources */ = {isa = PBXBuildFile; fileRef = 5DBCF9BF1BE7FD30001C45B4 /* ViewController.swift */; };
		5DBCF9C31BE7FD30001C45B4 /* Main.storyboard in Resources */ = {isa = PBXBuildFile; fileRef = 5DBCF9C11BE7FD30001C45B4 /* Main.storyboard */; };
		5DBCF9C51BE7FD30001C45B4 /* Assets.xcassets in Resources */ = {isa = PBXBuildFile; fileRef = 5DBCF9C41BE7FD30001C45B4 /* Assets.xcassets */; };
		5DBCF9C81BE7FD30001C45B4 /* LaunchScreen.storyboard in Resources */ = {isa = PBXBuildFile; fileRef = 5DBCF9C61BE7FD30001C45B4 /* LaunchScreen.storyboard */; };
		5DBCF9D31BE7FD30001C45B4 /* StateChampsTests.swift in Sources */ = {isa = PBXBuildFile; fileRef = 5DBCF9D21BE7FD30001C45B4 /* StateChampsTests.swift */; };
		5DBCF9DE1BE7FD30001C45B4 /* StateChampsUITests.swift in Sources */ = {isa = PBXBuildFile; fileRef = 5DBCF9DD1BE7FD30001C45B4 /* StateChampsUITests.swift */; };
/* End PBXBuildFile section */

/* Begin PBXContainerItemProxy section */
		5DBCF9CF1BE7FD30001C45B4 /* PBXContainerItemProxy */ = {
			isa = PBXContainerItemProxy;
			containerPortal = 5DBCF9B21BE7FD30001C45B4 /* Project object */;
			proxyType = 1;
			remoteGlobalIDString = 5DBCF9B91BE7FD30001C45B4;
			remoteInfo = StateChamps;
		};
		5DBCF9DA1BE7FD30001C45B4 /* PBXContainerItemProxy */ = {
			isa = PBXContainerItemProxy;
			containerPortal = 5DBCF9B21BE7FD30001C45B4 /* Project object */;
			proxyType = 1;
			remoteGlobalIDString = 5DBCF9B91BE7FD30001C45B4;
			remoteInfo = StateChamps;
		};
/* End PBXContainerItemProxy section */

/* Begin PBXFileReference section */
		5DBCF9BA1BE7FD30001C45B4 /* StateChamps.app */ = {isa = PBXFileReference; explicitFileType = wrapper.application; includeInIndex = 0; path = StateChamps.app; sourceTree = BUILT_PRODUCTS_DIR; };
		5DBCF9BD1BE7FD30001C45B4 /* AppDelegate.swift */ = {isa = PBXFileReference; lastKnownFileType = sourcecode.swift; path = AppDelegate.swift; sourceTree = "<group>"; };
		5DBCF9BF1BE7FD30001C45B4 /* ViewController.swift */ = {isa = PBXFileReference; lastKnownFileType = sourcecode.swift; path = ViewController.swift; sourceTree = "<group>"; };
		5DBCF9C21BE7FD30001C45B4 /* Base */ = {isa = PBXFileReference; lastKnownFileType = file.storyboard; name = Base; path = Base.lproj/Main.storyboard; sourceTree = "<group>"; };
		5DBCF9C41BE7FD30001C45B4 /* Assets.xcassets */ = {isa = PBXFileReference; lastKnownFileType = folder.assetcatalog; path = Assets.xcassets; sourceTree = "<group>"; };
		5DBCF9C71BE7FD30001C45B4 /* Base */ = {isa = PBXFileReference; lastKnownFileType = file.storyboard; name = Base; path = Base.lproj/LaunchScreen.storyboard; sourceTree = "<group>"; };
		5DBCF9C91BE7FD30001C45B4 /* Info.plist */ = {isa = PBXFileReference; lastKnownFileType = text.plist.xml; path = Info.plist; sourceTree = "<group>"; };
		5DBCF9CE1BE7FD30001C45B4 /* StateChampsTests.xctest */ = {isa = PBXFileReference; explicitFileType = wrapper.cfbundle; includeInIndex = 0; path = StateChampsTests.xctest; sourceTree = BUILT_PRODUCTS_DIR; };
		5DBCF9D21BE7FD30001C45B4 /* StateChampsTests.swift */ = {isa = PBXFileReference; lastKnownFileType = sourcecode.swift; path = StateChampsTests.swift; sourceTree = "<group>"; };
		5DBCF9D41BE7FD30001C45B4 /* Info.plist */ = {isa = PBXFileReference; lastKnownFileType = text.plist.xml; path = Info.plist; sourceTree = "<group>"; };
		5DBCF9D91BE7FD30001C45B4 /* StateChampsUITests.xctest */ = {isa = PBXFileReference; explicitFileType = wrapper.cfbundle; includeInIndex = 0; path = StateChampsUITests.xctest; sourceTree = BUILT_PRODUCTS_DIR; };
		5DBCF9DD1BE7FD30001C45B4 /* StateChampsUITests.swift */ = {isa = PBXFileReference; lastKnownFileType = sourcecode.swift; path = StateChampsUITests.swift; sourceTree = "<group>"; };
		5DBCF9DF1BE7FD30001C45B4 /* Info.plist */ = {isa = PBXFileReference; lastKnownFileType = text.plist.xml; path = Info.plist; sourceTree = "<group>"; };
/* End PBXFileReference section */

/* Begin PBXFrameworksBuildPhase section */
		5DBCF9B71BE7FD30001C45B4 /* Frameworks */ = {
			isa = PBXFrameworksBuildPhase;
			buildActionMask = 2147483647;
			files = (
			);
			runOnlyForDeploymentPostprocessing = 0;
		};
		5DBCF9CB1BE7FD30001C45B4 /* Frameworks */ = {
			isa = PBXFrameworksBuildPhase;
			buildActionMask = 2147483647;
			files = (
			);
			runOnlyForDeploymentPostprocessing = 0;
		};
		5DBCF9D61BE7FD30001C45B4 /* Frameworks */ = {
			isa = PBXFrameworksBuildPhase;
			buildActionMask = 2147483647;
			files = (
			);
			runOnlyForDeploymentPostprocessing = 0;
		};
/* End PBXFrameworksBuildPhase section */

/* Begin PBXGroup section */
		5DBCF9B11BE7FD30001C45B4 = {
			isa = PBXGroup;
			children = (
				5DBCF9BC1BE7FD30001C45B4 /* StateChamps */,
				5DBCF9D11BE7FD30001C45B4 /* StateChampsTests */,
				5DBCF9DC1BE7FD30001C45B4 /* StateChampsUITests */,
				5DBCF9BB1BE7FD30001C45B4 /* Products */,
			);
			sourceTree = "<group>";
		};
		5DBCF9BB1BE7FD30001C45B4 /* Products */ = {
			isa = PBXGroup;
			children = (
				5DBCF9BA1BE7FD30001C45B4 /* StateChamps.app */,
				5DBCF9CE1BE7FD30001C45B4 /* StateChampsTests.xctest */,
				5DBCF9D91BE7FD30001C45B4 /* StateChampsUITests.xctest */,
			);
			name = Products;
			sourceTree = "<group>";
		};
		5DBCF9BC1BE7FD30001C45B4 /* StateChamps */ = {
			isa = PBXGroup;
			children = (
				5DBCF9BD1BE7FD30001C45B4 /* AppDelegate.swift */,
				5DBCF9BF1BE7FD30001C45B4 /* ViewController.swift */,
				5DBCF9C11BE7FD30001C45B4 /* Main.storyboard */,
				5DBCF9C41BE7FD30001C45B4 /* Assets.xcassets */,
				5DBCF9C61BE7FD30001C45B4 /* LaunchScreen.storyboard */,
				5DBCF9C91BE7FD30001C45B4 /* Info.plist */,
			);
			path = StateChamps;
			sourceTree = "<group>";
		};
		5DBCF9D11BE7FD30001C45B4 /* StateChampsTests */ = {
			isa = PBXGroup;
			children = (
				5DBCF9D21BE7FD30001C45B4 /* StateChampsTests.swift */,
				5DBCF9D41BE7FD30001C45B4 /* Info.plist */,
			);
			path = StateChampsTests;
			sourceTree = "<group>";
		};
		5DBCF9DC1BE7FD30001C45B4 /* StateChampsUITests */ = {
			isa = PBXGroup;
			children = (
				5DBCF9DD1BE7FD30001C45B4 /* StateChampsUITests.swift */,
				5DBCF9DF1BE7FD30001C45B4 /* Info.plist */,
			);
			path = StateChampsUITests;
			sourceTree = "<group>";
		};
/* End PBXGroup section */

/* Begin PBXNativeTarget section */
		5DBCF9B91BE7FD30001C45B4 /* StateChamps */ = {
			isa = PBXNativeTarget;
			buildConfigurationList = 5DBCF9E21BE7FD30001C45B4 /* Build configuration list for PBXNativeTarget "StateChamps" */;
			buildPhases = (
				5DBCF9B61BE7FD30001C45B4 /* Sources */,
				5DBCF9B71BE7FD30001C45B4 /* Frameworks */,
				5DBCF9B81BE7FD30001C45B4 /* Resources */,
			);
			buildRules = (
			);
			dependencies = (
			);
			name = StateChamps;
			productName = StateChamps;
			productReference = 5DBCF9BA1BE7FD30001C45B4 /* StateChamps.app */;
			productType = "com.apple.product-type.application";
		};
		5DBCF9CD1BE7FD30001C45B4 /* StateChampsTests */ = {
			isa = PBXNativeTarget;
			buildConfigurationList = 5DBCF9E51BE7FD30001C45B4 /* Build configuration list for PBXNativeTarget "StateChampsTests" */;
			buildPhases = (
				5DBCF9CA1BE7FD30001C45B4 /* Sources */,
				5DBCF9CB1BE7FD30001C45B4 /* Frameworks */,
				5DBCF9CC1BE7FD30001C45B4 /* Resources */,
			);
			buildRules = (
			);
			dependencies = (
				5DBCF9D01BE7FD30001C45B4 /* PBXTargetDependency */,
			);
			name = StateChampsTests;
			productName = StateChampsTests;
			productReference = 5DBCF9CE1BE7FD30001C45B4 /* StateChampsTests.xctest */;
			productType = "com.apple.product-type.bundle.unit-test";
		};
		5DBCF9D81BE7FD30001C45B4 /* StateChampsUITests */ = {
			isa = PBXNativeTarget;
			buildConfigurationList = 5DBCF9E81BE7FD30001C45B4 /* Build configuration list for PBXNativeTarget "StateChampsUITests" */;
			buildPhases = (
				5DBCF9D51BE7FD30001C45B4 /* Sources */,
				5DBCF9D61BE7FD30001C45B4 /* Frameworks */,
				5DBCF9D71BE7FD30001C45B4 /* Resources */,
			);
			buildRules = (
			);
			dependencies = (
				5DBCF9DB1BE7FD30001C45B4 /* PBXTargetDependency */,
			);
			name = StateChampsUITests;
			productName = StateChampsUITests;
			productReference = 5DBCF9D91BE7FD30001C45B4 /* StateChampsUITests.xctest */;
			productType = "com.apple.product-type.bundle.ui-testing";
		};
/* End PBXNativeTarget section */

/* Begin PBXProject section */
		5DBCF9B21BE7FD30001C45B4 /* Project object */ = {
			isa = PBXProject;
			attributes = {
				LastUpgradeCheck = 0700;
				ORGANIZATIONNAME = JoelNieman;
				TargetAttributes = {
					5DBCF9B91BE7FD30001C45B4 = {
						CreatedOnToolsVersion = 7.0;
					};
					5DBCF9CD1BE7FD30001C45B4 = {
						CreatedOnToolsVersion = 7.0;
						TestTargetID = 5DBCF9B91BE7FD30001C45B4;
					};
					5DBCF9D81BE7FD30001C45B4 = {
						CreatedOnToolsVersion = 7.0;
						TestTargetID = 5DBCF9B91BE7FD30001C45B4;
					};
				};
			};
			buildConfigurationList = 5DBCF9B51BE7FD30001C45B4 /* Build configuration list for PBXProject "StateChamps" */;
			compatibilityVersion = "Xcode 3.2";
			developmentRegion = English;
			hasScannedForEncodings = 0;
			knownRegions = (
				en,
				Base,
			);
			mainGroup = 5DBCF9B11BE7FD30001C45B4;
			productRefGroup = 5DBCF9BB1BE7FD30001C45B4 /* Products */;
			projectDirPath = "";
			projectRoot = "";
			targets = (
				5DBCF9B91BE7FD30001C45B4 /* StateChamps */,
				5DBCF9CD1BE7FD30001C45B4 /* StateChampsTests */,
				5DBCF9D81BE7FD30001C45B4 /* StateChampsUITests */,
			);
		};
/* End PBXProject section */

/* Begin PBXResourcesBuildPhase section */
		5DBCF9B81BE7FD30001C45B4 /* Resources */ = {
			isa = PBXResourcesBuildPhase;
			buildActionMask = 2147483647;
			files = (
				5DBCF9C81BE7FD30001C45B4 /* LaunchScreen.storyboard in Resources */,
				5DBCF9C51BE7FD30001C45B4 /* Assets.xcassets in Resources */,
				5DBCF9C31BE7FD30001C45B4 /* Main.storyboard in Resources */,
			);
			runOnlyForDeploymentPostprocessing = 0;
		};
		5DBCF9CC1BE7FD30001C45B4 /* Resources */ = {
			isa = PBXResourcesBuildPhase;
			buildActionMask = 2147483647;
			files = (
			);
			runOnlyForDeploymentPostprocessing = 0;
		};
		5DBCF9D71BE7FD30001C45B4 /* Resources */ = {
			isa = PBXResourcesBuildPhase;
			buildActionMask = 2147483647;
			files = (
			);
			runOnlyForDeploymentPostprocessing = 0;
		};
/* End PBXResourcesBuildPhase section */

/* Begin PBXSourcesBuildPhase section */
		5DBCF9B61BE7FD30001C45B4 /* Sources */ = {
			isa = PBXSourcesBuildPhase;
			buildActionMask = 2147483647;
			files = (
				5DBCF9C01BE7FD30001C45B4 /* ViewController.swift in Sources */,
				5DBCF9BE1BE7FD30001C45B4 /* AppDelegate.swift in Sources */,
			);
			runOnlyForDeploymentPostprocessing = 0;
		};
		5DBCF9CA1BE7FD30001C45B4 /* Sources */ = {
			isa = PBXSourcesBuildPhase;
			buildActionMask = 2147483647;
			files = (
				5DBCF9D31BE7FD30001C45B4 /* StateChampsTests.swift in Sources */,
			);
			runOnlyForDeploymentPostprocessing = 0;
		};
		5DBCF9D51BE7FD30001C45B4 /* Sources */ = {
			isa = PBXSourcesBuildPhase;
			buildActionMask = 2147483647;
			files = (
				5DBCF9DE1BE7FD30001C45B4 /* StateChampsUITests.swift in Sources */,
			);
			runOnlyForDeploymentPostprocessing = 0;
		};
/* End PBXSourcesBuildPhase section */

/* Begin PBXTargetDependency section */
		5DBCF9D01BE7FD30001C45B4 /* PBXTargetDependency */ = {
			isa = PBXTargetDependency;
			target = 5DBCF9B91BE7FD30001C45B4 /* StateChamps */;
			targetProxy = 5DBCF9CF1BE7FD30001C45B4 /* PBXContainerItemProxy */;
		};
		5DBCF9DB1BE7FD30001C45B4 /* PBXTargetDependency */ = {
			isa = PBXTargetDependency;
			target = 5DBCF9B91BE7FD30001C45B4 /* StateChamps */;
			targetProxy = 5DBCF9DA1BE7FD30001C45B4 /* PBXContainerItemProxy */;
		};
/* End PBXTargetDependency section */

/* Begin PBXVariantGroup section */
		5DBCF9C11BE7FD30001C45B4 /* Main.storyboard */ = {
			isa = PBXVariantGroup;
			children = (
				5DBCF9C21BE7FD30001C45B4 /* Base */,
			);
			name = Main.storyboard;
			sourceTree = "<group>";
		};
		5DBCF9C61BE7FD30001C45B4 /* LaunchScreen.storyboard */ = {
			isa = PBXVariantGroup;
			children = (
				5DBCF9C71BE7FD30001C45B4 /* Base */,
			);
			name = LaunchScreen.storyboard;
			sourceTree = "<group>";
		};
/* End PBXVariantGroup section */

/* Begin XCBuildConfiguration section */
		5DBCF9E01BE7FD30001C45B4 /* Debug */ = {
			isa = XCBuildConfiguration;
			buildSettings = {
				ALWAYS_SEARCH_USER_PATHS = NO;
				CLANG_CXX_LANGUAGE_STANDARD = "gnu++0x";
				CLANG_CXX_LIBRARY = "libc++";
				CLANG_ENABLE_MODULES = YES;
				CLANG_ENABLE_OBJC_ARC = YES;
				CLANG_WARN_BOOL_CONVERSION = YES;
				CLANG_WARN_CONSTANT_CONVERSION = YES;
				CLANG_WARN_DIRECT_OBJC_ISA_USAGE = YES_ERROR;
				CLANG_WARN_EMPTY_BODY = YES;
				CLANG_WARN_ENUM_CONVERSION = YES;
				CLANG_WARN_INT_CONVERSION = YES;
				CLANG_WARN_OBJC_ROOT_CLASS = YES_ERROR;
				CLANG_WARN_UNREACHABLE_CODE = YES;
				CLANG_WARN__DUPLICATE_METHOD_MATCH = YES;
				"CODE_SIGN_IDENTITY[sdk=iphoneos*]" = "iPhone Developer";
				COPY_PHASE_STRIP = NO;
				DEBUG_INFORMATION_FORMAT = dwarf;
				ENABLE_STRICT_OBJC_MSGSEND = YES;
				ENABLE_TESTABILITY = YES;
				GCC_C_LANGUAGE_STANDARD = gnu99;
				GCC_DYNAMIC_NO_PIC = NO;
				GCC_NO_COMMON_BLOCKS = YES;
				GCC_OPTIMIZATION_LEVEL = 0;
				GCC_PREPROCESSOR_DEFINITIONS = (
					"DEBUG=1",
					"$(inherited)",
				);
				GCC_WARN_64_TO_32_BIT_CONVERSION = YES;
				GCC_WARN_ABOUT_RETURN_TYPE = YES_ERROR;
				GCC_WARN_UNDECLARED_SELECTOR = YES;
				GCC_WARN_UNINITIALIZED_AUTOS = YES_AGGRESSIVE;
				GCC_WARN_UNUSED_FUNCTION = YES;
				GCC_WARN_UNUSED_VARIABLE = YES;
				IPHONEOS_DEPLOYMENT_TARGET = 9.0;
				MTL_ENABLE_DEBUG_INFO = YES;
				ONLY_ACTIVE_ARCH = YES;
				SDKROOT = iphoneos;
				SWIFT_OPTIMIZATION_LEVEL = "-Onone";
			};
			name = Debug;
		};
		5DBCF9E11BE7FD30001C45B4 /* Release */ = {
			isa = XCBuildConfiguration;
			buildSettings = {
				ALWAYS_SEARCH_USER_PATHS = NO;
				CLANG_CXX_LANGUAGE_STANDARD = "gnu++0x";
				CLANG_CXX_LIBRARY = "libc++";
				CLANG_ENABLE_MODULES = YES;
				CLANG_ENABLE_OBJC_ARC = YES;
				CLANG_WARN_BOOL_CONVERSION = YES;
				CLANG_WARN_CONSTANT_CONVERSION = YES;
				CLANG_WARN_DIRECT_OBJC_ISA_USAGE = YES_ERROR;
				CLANG_WARN_EMPTY_BODY = YES;
				CLANG_WARN_ENUM_CONVERSION = YES;
				CLANG_WARN_INT_CONVERSION = YES;
				CLANG_WARN_OBJC_ROOT_CLASS = YES_ERROR;
				CLANG_WARN_UNREACHABLE_CODE = YES;
				CLANG_WARN__DUPLICATE_METHOD_MATCH = YES;
				"CODE_SIGN_IDENTITY[sdk=iphoneos*]" = "iPhone Developer";
				COPY_PHASE_STRIP = NO;
				DEBUG_INFORMATION_FORMAT = "dwarf-with-dsym";
				ENABLE_NS_ASSERTIONS = NO;
				ENABLE_STRICT_OBJC_MSGSEND = YES;
				GCC_C_LANGUAGE_STANDARD = gnu99;
				GCC_NO_COMMON_BLOCKS = YES;
				GCC_WARN_64_TO_32_BIT_CONVERSION = YES;
				GCC_WARN_ABOUT_RETURN_TYPE = YES_ERROR;
				GCC_WARN_UNDECLARED_SELECTOR = YES;
				GCC_WARN_UNINITIALIZED_AUTOS = YES_AGGRESSIVE;
				GCC_WARN_UNUSED_FUNCTION = YES;
				GCC_WARN_UNUSED_VARIABLE = YES;
				IPHONEOS_DEPLOYMENT_TARGET = 9.0;
				MTL_ENABLE_DEBUG_INFO = NO;
				SDKROOT = iphoneos;
				VALIDATE_PRODUCT = YES;
			};
			name = Release;
		};
		5DBCF9E31BE7FD30001C45B4 /* Debug */ = {
			isa = XCBuildConfiguration;
			buildSettings = {
				ASSETCATALOG_COMPILER_APPICON_NAME = AppIcon;
				INFOPLIST_FILE = StateChamps/Info.plist;
				LD_RUNPATH_SEARCH_PATHS = "$(inherited) @executable_path/Frameworks";
				PRODUCT_BUNDLE_IDENTIFIER = com.JoelNieman.StateChamps;
				PRODUCT_NAME = "$(TARGET_NAME)";
			};
			name = Debug;
		};
		5DBCF9E41BE7FD30001C45B4 /* Release */ = {
			isa = XCBuildConfiguration;
			buildSettings = {
				ASSETCATALOG_COMPILER_APPICON_NAME = AppIcon;
				INFOPLIST_FILE = StateChamps/Info.plist;
				LD_RUNPATH_SEARCH_PATHS = "$(inherited) @executable_path/Frameworks";
				PRODUCT_BUNDLE_IDENTIFIER = com.JoelNieman.StateChamps;
				PRODUCT_NAME = "$(TARGET_NAME)";
			};
			name = Release;
		};
		5DBCF9E61BE7FD30001C45B4 /* Debug */ = {
			isa = XCBuildConfiguration;
			buildSettings = {
				BUNDLE_LOADER = "$(TEST_HOST)";
				INFOPLIST_FILE = StateChampsTests/Info.plist;
				LD_RUNPATH_SEARCH_PATHS = "$(inherited) @executable_path/Frameworks @loader_path/Frameworks";
				PRODUCT_BUNDLE_IDENTIFIER = com.JoelNieman.StateChampsTests;
				PRODUCT_NAME = "$(TARGET_NAME)";
				TEST_HOST = "$(BUILT_PRODUCTS_DIR)/StateChamps.app/StateChamps";
			};
			name = Debug;
		};
		5DBCF9E71BE7FD30001C45B4 /* Release */ = {
			isa = XCBuildConfiguration;
			buildSettings = {
				BUNDLE_LOADER = "$(TEST_HOST)";
				INFOPLIST_FILE = StateChampsTests/Info.plist;
				LD_RUNPATH_SEARCH_PATHS = "$(inherited) @executable_path/Frameworks @loader_path/Frameworks";
				PRODUCT_BUNDLE_IDENTIFIER = com.JoelNieman.StateChampsTests;
				PRODUCT_NAME = "$(TARGET_NAME)";
				TEST_HOST = "$(BUILT_PRODUCTS_DIR)/StateChamps.app/StateChamps";
			};
			name = Release;
		};
		5DBCF9E91BE7FD30001C45B4 /* Debug */ = {
			isa = XCBuildConfiguration;
			buildSettings = {
				INFOPLIST_FILE = StateChampsUITests/Info.plist;
				LD_RUNPATH_SEARCH_PATHS = "$(inherited) @executable_path/Frameworks @loader_path/Frameworks";
				PRODUCT_BUNDLE_IDENTIFIER = com.JoelNieman.StateChampsUITests;
				PRODUCT_NAME = "$(TARGET_NAME)";
				TEST_TARGET_NAME = StateChamps;
				USES_XCTRUNNER = YES;
			};
			name = Debug;
		};
		5DBCF9EA1BE7FD30001C45B4 /* Release */ = {
			isa = XCBuildConfiguration;
			buildSettings = {
				INFOPLIST_FILE = StateChampsUITests/Info.plist;
				LD_RUNPATH_SEARCH_PATHS = "$(inherited) @executable_path/Frameworks @loader_path/Frameworks";
				PRODUCT_BUNDLE_IDENTIFIER = com.JoelNieman.StateChampsUITests;
				PRODUCT_NAME = "$(TARGET_NAME)";
				TEST_TARGET_NAME = StateChamps;
				USES_XCTRUNNER = YES;
			};
			name = Release;
		};
/* End XCBuildConfiguration section */

/* Begin XCConfigurationList section */
		5DBCF9B51BE7FD30001C45B4 /* Build configuration list for PBXProject "StateChamps" */ = {
			isa = XCConfigurationList;
			buildConfigurations = (
				5DBCF9E01BE7FD30001C45B4 /* Debug */,
				5DBCF9E11BE7FD30001C45B4 /* Release */,
			);
			defaultConfigurationIsVisible = 0;
			defaultConfigurationName = Release;
		};
		5DBCF9E21BE7FD30001C45B4 /* Build configuration list for PBXNativeTarget "StateChamps" */ = {
			isa = XCConfigurationList;
			buildConfigurations = (
				5DBCF9E31BE7FD30001C45B4 /* Debug */,
				5DBCF9E41BE7FD30001C45B4 /* Release */,
			);
			defaultConfigurationIsVisible = 0;
		};
		5DBCF9E51BE7FD30001C45B4 /* Build configuration list for PBXNativeTarget "StateChampsTests" */ = {
			isa = XCConfigurationList;
			buildConfigurations = (
				5DBCF9E61BE7FD30001C45B4 /* Debug */,
				5DBCF9E71BE7FD30001C45B4 /* Release */,
			);
			defaultConfigurationIsVisible = 0;
		};
		5DBCF9E81BE7FD30001C45B4 /* Build configuration list for PBXNativeTarget "StateChampsUITests" */ = {
			isa = XCConfigurationList;
			buildConfigurations = (
				5DBCF9E91BE7FD30001C45B4 /* Debug */,
				5DBCF9EA1BE7FD30001C45B4 /* Release */,
			);
			defaultConfigurationIsVisible = 0;
		};
/* End XCConfigurationList section */
	};
	rootObject = 5DBCF9B21BE7FD30001C45B4 /* Project object */;
}
